// !$*UTF8*$!
{
	archiveVersion = 1;
	classes = {
	};
	objectVersion = 46;
	objects = {

/* Begin PBXBuildFile section */
		6E10E6CF5EC9847422852974 /* Pods.framework in Frameworks */ = {isa = PBXBuildFile; fileRef = 446BE4F57EA95095C8F489EE /* Pods.framework */; };
		C60F672E1C665A9B00620949 /* MessageUI.framework in Frameworks */ = {isa = PBXBuildFile; fileRef = C60F672D1C665A9B00620949 /* MessageUI.framework */; };
		C62C3F741C567771005E85BA /* AppDelegate.swift in Sources */ = {isa = PBXBuildFile; fileRef = C62C3F731C567771005E85BA /* AppDelegate.swift */; };
		C62C3F761C567771005E85BA /* ViewController.swift in Sources */ = {isa = PBXBuildFile; fileRef = C62C3F751C567771005E85BA /* ViewController.swift */; };
		C62C3F791C567771005E85BA /* Main.storyboard in Resources */ = {isa = PBXBuildFile; fileRef = C62C3F771C567771005E85BA /* Main.storyboard */; };
		C62C3F7B1C567771005E85BA /* Assets.xcassets in Resources */ = {isa = PBXBuildFile; fileRef = C62C3F7A1C567771005E85BA /* Assets.xcassets */; };
		C62C3F7E1C567771005E85BA /* LaunchScreen.storyboard in Resources */ = {isa = PBXBuildFile; fileRef = C62C3F7C1C567771005E85BA /* LaunchScreen.storyboard */; };
		C62C3F891C567771005E85BA /* kintaiTests.swift in Sources */ = {isa = PBXBuildFile; fileRef = C62C3F881C567771005E85BA /* kintaiTests.swift */; };
		C62C3F941C567772005E85BA /* kintaiUITests.swift in Sources */ = {isa = PBXBuildFile; fileRef = C62C3F931C567772005E85BA /* kintaiUITests.swift */; };
		C69486E91D3742CC002458A4 /* chartViewController.swift in Sources */ = {isa = PBXBuildFile; fileRef = C69486E81D3742CC002458A4 /* chartViewController.swift */; };
		C6BC94CA1C87297B00725EBF /* appicon-60@2x.png in Resources */ = {isa = PBXBuildFile; fileRef = C6BC94BB1C87297B00725EBF /* appicon-60@2x.png */; };
		C6BC94CB1C87297B00725EBF /* appicon-60@3x.png in Resources */ = {isa = PBXBuildFile; fileRef = C6BC94BC1C87297B00725EBF /* appicon-60@3x.png */; };
		C6BC94CC1C87297B00725EBF /* appicon-72.png in Resources */ = {isa = PBXBuildFile; fileRef = C6BC94BD1C87297B00725EBF /* appicon-72.png */; };
		C6BC94CD1C87297B00725EBF /* appicon-72@2x.png in Resources */ = {isa = PBXBuildFile; fileRef = C6BC94BE1C87297B00725EBF /* appicon-72@2x.png */; };
		C6BC94CE1C87297B00725EBF /* appicon-76.png in Resources */ = {isa = PBXBuildFile; fileRef = C6BC94BF1C87297B00725EBF /* appicon-76.png */; };
		C6BC94CF1C87297B00725EBF /* appicon-76@2x.png in Resources */ = {isa = PBXBuildFile; fileRef = C6BC94C01C87297B00725EBF /* appicon-76@2x.png */; };
		C6BC94D01C87297B00725EBF /* appicon-Small-40.png in Resources */ = {isa = PBXBuildFile; fileRef = C6BC94C11C87297B00725EBF /* appicon-Small-40.png */; };
		C6BC94D11C87297B00725EBF /* appicon-Small-40@2x.png in Resources */ = {isa = PBXBuildFile; fileRef = C6BC94C21C87297B00725EBF /* appicon-Small-40@2x.png */; };
		C6BC94D21C87297B00725EBF /* appicon-Small-50.png in Resources */ = {isa = PBXBuildFile; fileRef = C6BC94C31C87297B00725EBF /* appicon-Small-50.png */; };
		C6BC94D31C87297B00725EBF /* appicon-Small-50@2x.png in Resources */ = {isa = PBXBuildFile; fileRef = C6BC94C41C87297B00725EBF /* appicon-Small-50@2x.png */; };
		C6BC94D41C87297B00725EBF /* appicon-Small.png in Resources */ = {isa = PBXBuildFile; fileRef = C6BC94C51C87297B00725EBF /* appicon-Small.png */; };
		C6BC94D51C87297B00725EBF /* appicon-Small@2x.png in Resources */ = {isa = PBXBuildFile; fileRef = C6BC94C61C87297B00725EBF /* appicon-Small@2x.png */; };
		C6BC94D61C87297B00725EBF /* appicon-Small@3x.png in Resources */ = {isa = PBXBuildFile; fileRef = C6BC94C71C87297B00725EBF /* appicon-Small@3x.png */; };
		C6BC94D71C87297B00725EBF /* appicon.png in Resources */ = {isa = PBXBuildFile; fileRef = C6BC94C81C87297B00725EBF /* appicon.png */; };
		C6BC94D81C87297B00725EBF /* appicon@2x.png in Resources */ = {isa = PBXBuildFile; fileRef = C6BC94C91C87297B00725EBF /* appicon@2x.png */; };
/* End PBXBuildFile section */

/* Begin PBXContainerItemProxy section */
		C62C3F851C567771005E85BA /* PBXContainerItemProxy */ = {
			isa = PBXContainerItemProxy;
			containerPortal = C62C3F681C567771005E85BA /* Project object */;
			proxyType = 1;
			remoteGlobalIDString = C62C3F6F1C567771005E85BA;
			remoteInfo = kintai;
		};
		C62C3F901C567771005E85BA /* PBXContainerItemProxy */ = {
			isa = PBXContainerItemProxy;
			containerPortal = C62C3F681C567771005E85BA /* Project object */;
			proxyType = 1;
			remoteGlobalIDString = C62C3F6F1C567771005E85BA;
			remoteInfo = kintai;
		};
/* End PBXContainerItemProxy section */

/* Begin PBXFileReference section */
		15DD7C8D2BFA308D1D0A6FF7 /* Pods.release.xcconfig */ = {isa = PBXFileReference; includeInIndex = 1; lastKnownFileType = text.xcconfig; name = Pods.release.xcconfig; path = "Pods/Target Support Files/Pods/Pods.release.xcconfig"; sourceTree = "<group>"; };
		40302914758A94C036E28717 /* Pods.debug.xcconfig */ = {isa = PBXFileReference; includeInIndex = 1; lastKnownFileType = text.xcconfig; name = Pods.debug.xcconfig; path = "Pods/Target Support Files/Pods/Pods.debug.xcconfig"; sourceTree = "<group>"; };
		446BE4F57EA95095C8F489EE /* Pods.framework */ = {isa = PBXFileReference; explicitFileType = wrapper.framework; includeInIndex = 0; path = Pods.framework; sourceTree = BUILT_PRODUCTS_DIR; };
		C60F672D1C665A9B00620949 /* MessageUI.framework */ = {isa = PBXFileReference; lastKnownFileType = wrapper.framework; name = MessageUI.framework; path = System/Library/Frameworks/MessageUI.framework; sourceTree = SDKROOT; };
		C62C3F701C567771005E85BA /* kintai.app */ = {isa = PBXFileReference; explicitFileType = wrapper.application; includeInIndex = 0; path = kintai.app; sourceTree = BUILT_PRODUCTS_DIR; };
		C62C3F731C567771005E85BA /* AppDelegate.swift */ = {isa = PBXFileReference; lastKnownFileType = sourcecode.swift; path = AppDelegate.swift; sourceTree = "<group>"; };
		C62C3F751C567771005E85BA /* ViewController.swift */ = {isa = PBXFileReference; lastKnownFileType = sourcecode.swift; path = ViewController.swift; sourceTree = "<group>"; };
		C62C3F781C567771005E85BA /* Base */ = {isa = PBXFileReference; lastKnownFileType = file.storyboard; name = Base; path = Base.lproj/Main.storyboard; sourceTree = "<group>"; };
		C62C3F7A1C567771005E85BA /* Assets.xcassets */ = {isa = PBXFileReference; lastKnownFileType = folder.assetcatalog; path = Assets.xcassets; sourceTree = "<group>"; };
		C62C3F7D1C567771005E85BA /* Base */ = {isa = PBXFileReference; lastKnownFileType = file.storyboard; name = Base; path = Base.lproj/LaunchScreen.storyboard; sourceTree = "<group>"; };
		C62C3F7F1C567771005E85BA /* Info.plist */ = {isa = PBXFileReference; lastKnownFileType = text.plist.xml; path = Info.plist; sourceTree = "<group>"; };
		C62C3F841C567771005E85BA /* kintaiTests.xctest */ = {isa = PBXFileReference; explicitFileType = wrapper.cfbundle; includeInIndex = 0; path = kintaiTests.xctest; sourceTree = BUILT_PRODUCTS_DIR; };
		C62C3F881C567771005E85BA /* kintaiTests.swift */ = {isa = PBXFileReference; lastKnownFileType = sourcecode.swift; path = kintaiTests.swift; sourceTree = "<group>"; };
		C62C3F8A1C567771005E85BA /* Info.plist */ = {isa = PBXFileReference; lastKnownFileType = text.plist.xml; path = Info.plist; sourceTree = "<group>"; };
		C62C3F8F1C567771005E85BA /* kintaiUITests.xctest */ = {isa = PBXFileReference; explicitFileType = wrapper.cfbundle; includeInIndex = 0; path = kintaiUITests.xctest; sourceTree = BUILT_PRODUCTS_DIR; };
		C62C3F931C567772005E85BA /* kintaiUITests.swift */ = {isa = PBXFileReference; lastKnownFileType = sourcecode.swift; path = kintaiUITests.swift; sourceTree = "<group>"; };
		C62C3F951C567772005E85BA /* Info.plist */ = {isa = PBXFileReference; lastKnownFileType = text.plist.xml; path = Info.plist; sourceTree = "<group>"; };
		C69486E81D3742CC002458A4 /* chartViewController.swift */ = {isa = PBXFileReference; fileEncoding = 4; lastKnownFileType = sourcecode.swift; path = chartViewController.swift; sourceTree = "<group>"; };
		C6BC94BB1C87297B00725EBF /* appicon-60@2x.png */ = {isa = PBXFileReference; lastKnownFileType = image.png; path = "appicon-60@2x.png"; sourceTree = "<group>"; };
		C6BC94BC1C87297B00725EBF /* appicon-60@3x.png */ = {isa = PBXFileReference; lastKnownFileType = image.png; path = "appicon-60@3x.png"; sourceTree = "<group>"; };
		C6BC94BD1C87297B00725EBF /* appicon-72.png */ = {isa = PBXFileReference; lastKnownFileType = image.png; path = "appicon-72.png"; sourceTree = "<group>"; };
		C6BC94BE1C87297B00725EBF /* appicon-72@2x.png */ = {isa = PBXFileReference; lastKnownFileType = image.png; path = "appicon-72@2x.png"; sourceTree = "<group>"; };
		C6BC94BF1C87297B00725EBF /* appicon-76.png */ = {isa = PBXFileReference; lastKnownFileType = image.png; path = "appicon-76.png"; sourceTree = "<group>"; };
		C6BC94C01C87297B00725EBF /* appicon-76@2x.png */ = {isa = PBXFileReference; lastKnownFileType = image.png; path = "appicon-76@2x.png"; sourceTree = "<group>"; };
		C6BC94C11C87297B00725EBF /* appicon-Small-40.png */ = {isa = PBXFileReference; lastKnownFileType = image.png; path = "appicon-Small-40.png"; sourceTree = "<group>"; };
		C6BC94C21C87297B00725EBF /* appicon-Small-40@2x.png */ = {isa = PBXFileReference; lastKnownFileType = image.png; path = "appicon-Small-40@2x.png"; sourceTree = "<group>"; };
		C6BC94C31C87297B00725EBF /* appicon-Small-50.png */ = {isa = PBXFileReference; lastKnownFileType = image.png; path = "appicon-Small-50.png"; sourceTree = "<group>"; };
		C6BC94C41C87297B00725EBF /* appicon-Small-50@2x.png */ = {isa = PBXFileReference; lastKnownFileType = image.png; path = "appicon-Small-50@2x.png"; sourceTree = "<group>"; };
		C6BC94C51C87297B00725EBF /* appicon-Small.png */ = {isa = PBXFileReference; lastKnownFileType = image.png; path = "appicon-Small.png"; sourceTree = "<group>"; };
		C6BC94C61C87297B00725EBF /* appicon-Small@2x.png */ = {isa = PBXFileReference; lastKnownFileType = image.png; path = "appicon-Small@2x.png"; sourceTree = "<group>"; };
		C6BC94C71C87297B00725EBF /* appicon-Small@3x.png */ = {isa = PBXFileReference; lastKnownFileType = image.png; path = "appicon-Small@3x.png"; sourceTree = "<group>"; };
		C6BC94C81C87297B00725EBF /* appicon.png */ = {isa = PBXFileReference; lastKnownFileType = image.png; path = appicon.png; sourceTree = "<group>"; };
		C6BC94C91C87297B00725EBF /* appicon@2x.png */ = {isa = PBXFileReference; lastKnownFileType = image.png; path = "appicon@2x.png"; sourceTree = "<group>"; };
/* End PBXFileReference section */

/* Begin PBXFrameworksBuildPhase section */
		C62C3F6D1C567771005E85BA /* Frameworks */ = {
			isa = PBXFrameworksBuildPhase;
			buildActionMask = 2147483647;
			files = (
				C60F672E1C665A9B00620949 /* MessageUI.framework in Frameworks */,
				6E10E6CF5EC9847422852974 /* Pods.framework in Frameworks */,
			);
			runOnlyForDeploymentPostprocessing = 0;
		};
		C62C3F811C567771005E85BA /* Frameworks */ = {
			isa = PBXFrameworksBuildPhase;
			buildActionMask = 2147483647;
			files = (
			);
			runOnlyForDeploymentPostprocessing = 0;
		};
		C62C3F8C1C567771005E85BA /* Frameworks */ = {
			isa = PBXFrameworksBuildPhase;
			buildActionMask = 2147483647;
			files = (
			);
			runOnlyForDeploymentPostprocessing = 0;
		};
/* End PBXFrameworksBuildPhase section */

/* Begin PBXGroup section */
		36C54AA74815815DC180EBF3 /* Pods */ = {
			isa = PBXGroup;
			children = (
				40302914758A94C036E28717 /* Pods.debug.xcconfig */,
				15DD7C8D2BFA308D1D0A6FF7 /* Pods.release.xcconfig */,
			);
			name = Pods;
			sourceTree = "<group>";
		};
		C62C3F671C567771005E85BA = {
			isa = PBXGroup;
			children = (
				C6BC949C1C87272400725EBF /* img */,
				C60F672D1C665A9B00620949 /* MessageUI.framework */,
				C62C3F721C567771005E85BA /* kintai */,
				C62C3F871C567771005E85BA /* kintaiTests */,
				C62C3F921C567772005E85BA /* kintaiUITests */,
				C62C3F711C567771005E85BA /* Products */,
				36C54AA74815815DC180EBF3 /* Pods */,
				ED6A7E2DAB67ADA0B11BD20A /* Frameworks */,
			);
			sourceTree = "<group>";
		};
		C62C3F711C567771005E85BA /* Products */ = {
			isa = PBXGroup;
			children = (
				C62C3F701C567771005E85BA /* kintai.app */,
				C62C3F841C567771005E85BA /* kintaiTests.xctest */,
				C62C3F8F1C567771005E85BA /* kintaiUITests.xctest */,
			);
			name = Products;
			sourceTree = "<group>";
		};
		C62C3F721C567771005E85BA /* kintai */ = {
			isa = PBXGroup;
			children = (
				C62C3F731C567771005E85BA /* AppDelegate.swift */,
				C62C3F751C567771005E85BA /* ViewController.swift */,
				C62C3F771C567771005E85BA /* Main.storyboard */,
				C62C3F7A1C567771005E85BA /* Assets.xcassets */,
				C62C3F7C1C567771005E85BA /* LaunchScreen.storyboard */,
				C62C3F7F1C567771005E85BA /* Info.plist */,
				C69486E81D3742CC002458A4 /* chartViewController.swift */,
			);
			path = kintai;
			sourceTree = "<group>";
		};
		C62C3F871C567771005E85BA /* kintaiTests */ = {
			isa = PBXGroup;
			children = (
				C62C3F881C567771005E85BA /* kintaiTests.swift */,
				C62C3F8A1C567771005E85BA /* Info.plist */,
			);
			path = kintaiTests;
			sourceTree = "<group>";
		};
		C62C3F921C567772005E85BA /* kintaiUITests */ = {
			isa = PBXGroup;
			children = (
				C62C3F931C567772005E85BA /* kintaiUITests.swift */,
				C62C3F951C567772005E85BA /* Info.plist */,
			);
			path = kintaiUITests;
			sourceTree = "<group>";
		};
		C6BC949C1C87272400725EBF /* img */ = {
			isa = PBXGroup;
			children = (
				C6BC94BB1C87297B00725EBF /* appicon-60@2x.png */,
				C6BC94BC1C87297B00725EBF /* appicon-60@3x.png */,
				C6BC94BD1C87297B00725EBF /* appicon-72.png */,
				C6BC94BE1C87297B00725EBF /* appicon-72@2x.png */,
				C6BC94BF1C87297B00725EBF /* appicon-76.png */,
				C6BC94C01C87297B00725EBF /* appicon-76@2x.png */,
				C6BC94C11C87297B00725EBF /* appicon-Small-40.png */,
				C6BC94C21C87297B00725EBF /* appicon-Small-40@2x.png */,
				C6BC94C31C87297B00725EBF /* appicon-Small-50.png */,
				C6BC94C41C87297B00725EBF /* appicon-Small-50@2x.png */,
				C6BC94C51C87297B00725EBF /* appicon-Small.png */,
				C6BC94C61C87297B00725EBF /* appicon-Small@2x.png */,
				C6BC94C71C87297B00725EBF /* appicon-Small@3x.png */,
				C6BC94C81C87297B00725EBF /* appicon.png */,
				C6BC94C91C87297B00725EBF /* appicon@2x.png */,
			);
			name = img;
			sourceTree = "<group>";
		};
		ED6A7E2DAB67ADA0B11BD20A /* Frameworks */ = {
			isa = PBXGroup;
			children = (
				446BE4F57EA95095C8F489EE /* Pods.framework */,
			);
			name = Frameworks;
			sourceTree = "<group>";
		};
/* End PBXGroup section */

/* Begin PBXNativeTarget section */
		C62C3F6F1C567771005E85BA /* kintai */ = {
			isa = PBXNativeTarget;
			buildConfigurationList = C62C3F981C567772005E85BA /* Build configuration list for PBXNativeTarget "kintai" */;
			buildPhases = (
				719F759AC0ED39DB5B815A2F /* Check Pods Manifest.lock */,
				C62C3F6C1C567771005E85BA /* Sources */,
				C62C3F6D1C567771005E85BA /* Frameworks */,
				C62C3F6E1C567771005E85BA /* Resources */,
				BAC227895D19B1E3C2F24D4D /* Embed Pods Frameworks */,
				978A409471307A5244DF6A7B /* Copy Pods Resources */,
			);
			buildRules = (
			);
			dependencies = (
			);
			name = kintai;
			productName = kintai;
			productReference = C62C3F701C567771005E85BA /* kintai.app */;
			productType = "com.apple.product-type.application";
		};
		C62C3F831C567771005E85BA /* kintaiTests */ = {
			isa = PBXNativeTarget;
			buildConfigurationList = C62C3F9B1C567772005E85BA /* Build configuration list for PBXNativeTarget "kintaiTests" */;
			buildPhases = (
				C62C3F801C567771005E85BA /* Sources */,
				C62C3F811C567771005E85BA /* Frameworks */,
				C62C3F821C567771005E85BA /* Resources */,
			);
			buildRules = (
			);
			dependencies = (
				C62C3F861C567771005E85BA /* PBXTargetDependency */,
			);
			name = kintaiTests;
			productName = kintaiTests;
			productReference = C62C3F841C567771005E85BA /* kintaiTests.xctest */;
			productType = "com.apple.product-type.bundle.unit-test";
		};
		C62C3F8E1C567771005E85BA /* kintaiUITests */ = {
			isa = PBXNativeTarget;
			buildConfigurationList = C62C3F9E1C567772005E85BA /* Build configuration list for PBXNativeTarget "kintaiUITests" */;
			buildPhases = (
				C62C3F8B1C567771005E85BA /* Sources */,
				C62C3F8C1C567771005E85BA /* Frameworks */,
				C62C3F8D1C567771005E85BA /* Resources */,
			);
			buildRules = (
			);
			dependencies = (
				C62C3F911C567771005E85BA /* PBXTargetDependency */,
			);
			name = kintaiUITests;
			productName = kintaiUITests;
			productReference = C62C3F8F1C567771005E85BA /* kintaiUITests.xctest */;
			productType = "com.apple.product-type.bundle.ui-testing";
		};
/* End PBXNativeTarget section */

/* Begin PBXProject section */
		C62C3F681C567771005E85BA /* Project object */ = {
			isa = PBXProject;
			attributes = {
				LastSwiftUpdateCheck = 0720;
				LastUpgradeCheck = 0720;
				ORGANIZATIONNAME = KAMAKURAKAZUHIRO;
				TargetAttributes = {
					C62C3F6F1C567771005E85BA = {
						CreatedOnToolsVersion = 7.2;
						DevelopmentTeam = 5S9BE29758;
					};
					C62C3F831C567771005E85BA = {
						CreatedOnToolsVersion = 7.2;
						TestTargetID = C62C3F6F1C567771005E85BA;
					};
					C62C3F8E1C567771005E85BA = {
						CreatedOnToolsVersion = 7.2;
						TestTargetID = C62C3F6F1C567771005E85BA;
					};
				};
			};
			buildConfigurationList = C62C3F6B1C567771005E85BA /* Build configuration list for PBXProject "kintai" */;
			compatibilityVersion = "Xcode 3.2";
			developmentRegion = English;
			hasScannedForEncodings = 0;
			knownRegions = (
				en,
				Base,
			);
			mainGroup = C62C3F671C567771005E85BA;
			productRefGroup = C62C3F711C567771005E85BA /* Products */;
			projectDirPath = "";
			projectRoot = "";
			targets = (
				C62C3F6F1C567771005E85BA /* kintai */,
				C62C3F831C567771005E85BA /* kintaiTests */,
				C62C3F8E1C567771005E85BA /* kintaiUITests */,
			);
		};
/* End PBXProject section */

/* Begin PBXResourcesBuildPhase section */
		C62C3F6E1C567771005E85BA /* Resources */ = {
			isa = PBXResourcesBuildPhase;
			buildActionMask = 2147483647;
			files = (
				C62C3F7E1C567771005E85BA /* LaunchScreen.storyboard in Resources */,
				C6BC94D31C87297B00725EBF /* appicon-Small-50@2x.png in Resources */,
				C6BC94D61C87297B00725EBF /* appicon-Small@3x.png in Resources */,
				C6BC94CC1C87297B00725EBF /* appicon-72.png in Resources */,
				C6BC94D51C87297B00725EBF /* appicon-Small@2x.png in Resources */,
				C6BC94CB1C87297B00725EBF /* appicon-60@3x.png in Resources */,
				C62C3F7B1C567771005E85BA /* Assets.xcassets in Resources */,
				C6BC94CF1C87297B00725EBF /* appicon-76@2x.png in Resources */,
				C6BC94D21C87297B00725EBF /* appicon-Small-50.png in Resources */,
				C6BC94D11C87297B00725EBF /* appicon-Small-40@2x.png in Resources */,
				C6BC94D41C87297B00725EBF /* appicon-Small.png in Resources */,
				C62C3F791C567771005E85BA /* Main.storyboard in Resources */,
				C6BC94CE1C87297B00725EBF /* appicon-76.png in Resources */,
				C6BC94D81C87297B00725EBF /* appicon@2x.png in Resources */,
				C6BC94CD1C87297B00725EBF /* appicon-72@2x.png in Resources */,
				C6BC94D01C87297B00725EBF /* appicon-Small-40.png in Resources */,
				C6BC94CA1C87297B00725EBF /* appicon-60@2x.png in Resources */,
				C6BC94D71C87297B00725EBF /* appicon.png in Resources */,
			);
			runOnlyForDeploymentPostprocessing = 0;
		};
		C62C3F821C567771005E85BA /* Resources */ = {
			isa = PBXResourcesBuildPhase;
			buildActionMask = 2147483647;
			files = (
			);
			runOnlyForDeploymentPostprocessing = 0;
		};
		C62C3F8D1C567771005E85BA /* Resources */ = {
			isa = PBXResourcesBuildPhase;
			buildActionMask = 2147483647;
			files = (
			);
			runOnlyForDeploymentPostprocessing = 0;
		};
/* End PBXResourcesBuildPhase section */

/* Begin PBXShellScriptBuildPhase section */
		719F759AC0ED39DB5B815A2F /* Check Pods Manifest.lock */ = {
			isa = PBXShellScriptBuildPhase;
			buildActionMask = 2147483647;
			files = (
			);
			inputPaths = (
			);
			name = "Check Pods Manifest.lock";
			outputPaths = (
			);
			runOnlyForDeploymentPostprocessing = 0;
			shellPath = /bin/sh;
			shellScript = "diff \"${PODS_ROOT}/../Podfile.lock\" \"${PODS_ROOT}/Manifest.lock\" > /dev/null\nif [[ $? != 0 ]] ; then\n    cat << EOM\nerror: The sandbox is not in sync with the Podfile.lock. Run 'pod install' or update your CocoaPods installation.\nEOM\n    exit 1\nfi\n";
			showEnvVarsInLog = 0;
		};
		978A409471307A5244DF6A7B /* Copy Pods Resources */ = {
			isa = PBXShellScriptBuildPhase;
			buildActionMask = 2147483647;
			files = (
			);
			inputPaths = (
			);
			name = "Copy Pods Resources";
			outputPaths = (
			);
			runOnlyForDeploymentPostprocessing = 0;
			shellPath = /bin/sh;
			shellScript = "\"${SRCROOT}/Pods/Target Support Files/Pods/Pods-resources.sh\"\n";
			showEnvVarsInLog = 0;
		};
		BAC227895D19B1E3C2F24D4D /* Embed Pods Frameworks */ = {
			isa = PBXShellScriptBuildPhase;
			buildActionMask = 2147483647;
			files = (
			);
			inputPaths = (
			);
			name = "Embed Pods Frameworks";
			outputPaths = (
			);
			runOnlyForDeploymentPostprocessing = 0;
			shellPath = /bin/sh;
			shellScript = "\"${SRCROOT}/Pods/Target Support Files/Pods/Pods-frameworks.sh\"\n";
			showEnvVarsInLog = 0;
		};
/* End PBXShellScriptBuildPhase section */

/* Begin PBXSourcesBuildPhase section */
		C62C3F6C1C567771005E85BA /* Sources */ = {
			isa = PBXSourcesBuildPhase;
			buildActionMask = 2147483647;
			files = (
				C62C3F761C567771005E85BA /* ViewController.swift in Sources */,
				C69486E91D3742CC002458A4 /* chartViewController.swift in Sources */,
				C62C3F741C567771005E85BA /* AppDelegate.swift in Sources */,
			);
			runOnlyForDeploymentPostprocessing = 0;
		};
		C62C3F801C567771005E85BA /* Sources */ = {
			isa = PBXSourcesBuildPhase;
			buildActionMask = 2147483647;
			files = (
				C62C3F891C567771005E85BA /* kintaiTests.swift in Sources */,
			);
			runOnlyForDeploymentPostprocessing = 0;
		};
		C62C3F8B1C567771005E85BA /* Sources */ = {
			isa = PBXSourcesBuildPhase;
			buildActionMask = 2147483647;
			files = (
				C62C3F941C567772005E85BA /* kintaiUITests.swift in Sources */,
			);
			runOnlyForDeploymentPostprocessing = 0;
		};
/* End PBXSourcesBuildPhase section */

/* Begin PBXTargetDependency section */
		C62C3F861C567771005E85BA /* PBXTargetDependency */ = {
			isa = PBXTargetDependency;
			target = C62C3F6F1C567771005E85BA /* kintai */;
			targetProxy = C62C3F851C567771005E85BA /* PBXContainerItemProxy */;
		};
		C62C3F911C567771005E85BA /* PBXTargetDependency */ = {
			isa = PBXTargetDependency;
			target = C62C3F6F1C567771005E85BA /* kintai */;
			targetProxy = C62C3F901C567771005E85BA /* PBXContainerItemProxy */;
		};
/* End PBXTargetDependency section */

/* Begin PBXVariantGroup section */
		C62C3F771C567771005E85BA /* Main.storyboard */ = {
			isa = PBXVariantGroup;
			children = (
				C62C3F781C567771005E85BA /* Base */,
			);
			name = Main.storyboard;
			sourceTree = "<group>";
		};
		C62C3F7C1C567771005E85BA /* LaunchScreen.storyboard */ = {
			isa = PBXVariantGroup;
			children = (
				C62C3F7D1C567771005E85BA /* Base */,
			);
			name = LaunchScreen.storyboard;
			sourceTree = "<group>";
		};
/* End PBXVariantGroup section */

/* Begin XCBuildConfiguration section */
		C62C3F961C567772005E85BA /* Debug */ = {
			isa = XCBuildConfiguration;
			buildSettings = {
				ALWAYS_SEARCH_USER_PATHS = NO;
				CLANG_CXX_LANGUAGE_STANDARD = "gnu++0x";
				CLANG_CXX_LIBRARY = "libc++";
				CLANG_ENABLE_MODULES = YES;
				CLANG_ENABLE_OBJC_ARC = YES;
				CLANG_WARN_BOOL_CONVERSION = YES;
				CLANG_WARN_CONSTANT_CONVERSION = YES;
				CLANG_WARN_DIRECT_OBJC_ISA_USAGE = YES_ERROR;
				CLANG_WARN_EMPTY_BODY = YES;
				CLANG_WARN_ENUM_CONVERSION = YES;
				CLANG_WARN_INT_CONVERSION = YES;
				CLANG_WARN_OBJC_ROOT_CLASS = YES_ERROR;
				CLANG_WARN_UNREACHABLE_CODE = YES;
				CLANG_WARN__DUPLICATE_METHOD_MATCH = YES;
				"CODE_SIGN_IDENTITY[sdk=iphoneos*]" = "iPhone Developer";
				COPY_PHASE_STRIP = NO;
				DEBUG_INFORMATION_FORMAT = dwarf;
				ENABLE_STRICT_OBJC_MSGSEND = YES;
				ENABLE_TESTABILITY = YES;
				GCC_C_LANGUAGE_STANDARD = gnu99;
				GCC_DYNAMIC_NO_PIC = NO;
				GCC_NO_COMMON_BLOCKS = YES;
				GCC_OPTIMIZATION_LEVEL = 0;
				GCC_PREPROCESSOR_DEFINITIONS = (
					"DEBUG=1",
					"$(inherited)",
				);
				GCC_WARN_64_TO_32_BIT_CONVERSION = YES;
				GCC_WARN_ABOUT_RETURN_TYPE = YES_ERROR;
				GCC_WARN_UNDECLARED_SELECTOR = YES;
				GCC_WARN_UNINITIALIZED_AUTOS = YES_AGGRESSIVE;
				GCC_WARN_UNUSED_FUNCTION = YES;
				GCC_WARN_UNUSED_VARIABLE = YES;
				IPHONEOS_DEPLOYMENT_TARGET = 9.2;
				MTL_ENABLE_DEBUG_INFO = YES;
				ONLY_ACTIVE_ARCH = YES;
				SDKROOT = iphoneos;
				SWIFT_OPTIMIZATION_LEVEL = "-Onone";
			};
			name = Debug;
		};
		C62C3F971C567772005E85BA /* Release */ = {
			isa = XCBuildConfiguration;
			buildSettings = {
				ALWAYS_SEARCH_USER_PATHS = NO;
				CLANG_CXX_LANGUAGE_STANDARD = "gnu++0x";
				CLANG_CXX_LIBRARY = "libc++";
				CLANG_ENABLE_MODULES = YES;
				CLANG_ENABLE_OBJC_ARC = YES;
				CLANG_WARN_BOOL_CONVERSION = YES;
				CLANG_WARN_CONSTANT_CONVERSION = YES;
				CLANG_WARN_DIRECT_OBJC_ISA_USAGE = YES_ERROR;
				CLANG_WARN_EMPTY_BODY = YES;
				CLANG_WARN_ENUM_CONVERSION = YES;
				CLANG_WARN_INT_CONVERSION = YES;
				CLANG_WARN_OBJC_ROOT_CLASS = YES_ERROR;
				CLANG_WARN_UNREACHABLE_CODE = YES;
				CLANG_WARN__DUPLICATE_METHOD_MATCH = YES;
				"CODE_SIGN_IDENTITY[sdk=iphoneos*]" = "iPhone Developer";
				COPY_PHASE_STRIP = NO;
				DEBUG_INFORMATION_FORMAT = "dwarf-with-dsym";
				ENABLE_NS_ASSERTIONS = NO;
				ENABLE_STRICT_OBJC_MSGSEND = YES;
				GCC_C_LANGUAGE_STANDARD = gnu99;
				GCC_NO_COMMON_BLOCKS = YES;
				GCC_WARN_64_TO_32_BIT_CONVERSION = YES;
				GCC_WARN_ABOUT_RETURN_TYPE = YES_ERROR;
				GCC_WARN_UNDECLARED_SELECTOR = YES;
				GCC_WARN_UNINITIALIZED_AUTOS = YES_AGGRESSIVE;
				GCC_WARN_UNUSED_FUNCTION = YES;
				GCC_WARN_UNUSED_VARIABLE = YES;
				IPHONEOS_DEPLOYMENT_TARGET = 9.2;
				MTL_ENABLE_DEBUG_INFO = NO;
				SDKROOT = iphoneos;
				VALIDATE_PRODUCT = YES;
			};
			name = Release;
		};
		C62C3F991C567772005E85BA /* Debug */ = {
			isa = XCBuildConfiguration;
			baseConfigurationReference = 40302914758A94C036E28717 /* Pods.debug.xcconfig */;
			buildSettings = {
				ASSETCATALOG_COMPILER_APPICON_NAME = AppIcon;
				CODE_SIGN_IDENTITY = "iPhone Distribution: KAZUHIRO KAMAKURA (5S9BE29758)";
				"CODE_SIGN_IDENTITY[sdk=iphoneos*]" = "iPhone Developer";
				INFOPLIST_FILE = kintai/Info.plist;
				IPHONEOS_DEPLOYMENT_TARGET = 8.0;
				LD_RUNPATH_SEARCH_PATHS = "$(inherited) @executable_path/Frameworks";
				PRODUCT_BUNDLE_IDENTIFIER = tate.kintai;
				PRODUCT_NAME = "$(TARGET_NAME)";
				PROVISIONING_PROFILE = "80978564-fb74-4031-bd41-63d46902c106";
				TARGETED_DEVICE_FAMILY = 1;
			};
			name = Debug;
		};
		C62C3F9A1C567772005E85BA /* Release */ = {
			isa = XCBuildConfiguration;
			baseConfigurationReference = 15DD7C8D2BFA308D1D0A6FF7 /* Pods.release.xcconfig */;
			buildSettings = {
				ASSETCATALOG_COMPILER_APPICON_NAME = AppIcon;
				CODE_SIGN_IDENTITY = "iPhone Distribution: KAZUHIRO KAMAKURA (5S9BE29758)";
				"CODE_SIGN_IDENTITY[sdk=iphoneos*]" = "iPhone Developer";
				INFOPLIST_FILE = kintai/Info.plist;
				IPHONEOS_DEPLOYMENT_TARGET = 8.0;
				LD_RUNPATH_SEARCH_PATHS = "$(inherited) @executable_path/Frameworks";
				PRODUCT_BUNDLE_IDENTIFIER = tate.kintai;
				PRODUCT_NAME = "$(TARGET_NAME)";
				PROVISIONING_PROFILE = "80978564-fb74-4031-bd41-63d46902c106";
				TARGETED_DEVICE_FAMILY = 1;
			};
			name = Release;
		};
		C62C3F9C1C567772005E85BA /* Debug */ = {
			isa = XCBuildConfiguration;
			buildSettings = {
				BUNDLE_LOADER = "$(TEST_HOST)";
				INFOPLIST_FILE = kintaiTests/Info.plist;
				LD_RUNPATH_SEARCH_PATHS = "$(inherited) @executable_path/Frameworks @loader_path/Frameworks";
				PRODUCT_BUNDLE_IDENTIFIER = tate.kintaiTests;
				PRODUCT_NAME = "$(TARGET_NAME)";
				TEST_HOST = "$(BUILT_PRODUCTS_DIR)/kintai.app/kintai";
			};
			name = Debug;
		};
		C62C3F9D1C567772005E85BA /* Release */ = {
			isa = XCBuildConfiguration;
			buildSettings = {
				BUNDLE_LOADER = "$(TEST_HOST)";
				INFOPLIST_FILE = kintaiTests/Info.plist;
				LD_RUNPATH_SEARCH_PATHS = "$(inherited) @executable_path/Frameworks @loader_path/Frameworks";
				PRODUCT_BUNDLE_IDENTIFIER = tate.kintaiTests;
				PRODUCT_NAME = "$(TARGET_NAME)";
				TEST_HOST = "$(BUILT_PRODUCTS_DIR)/kintai.app/kintai";
			};
			name = Release;
		};
		C62C3F9F1C567772005E85BA /* Debug */ = {
			isa = XCBuildConfiguration;
			buildSettings = {
				INFOPLIST_FILE = kintaiUITests/Info.plist;
				LD_RUNPATH_SEARCH_PATHS = "$(inherited) @executable_path/Frameworks @loader_path/Frameworks";
				PRODUCT_BUNDLE_IDENTIFIER = tate.kintaiUITests;
				PRODUCT_NAME = "$(TARGET_NAME)";
				TEST_TARGET_NAME = kintai;
				USES_XCTRUNNER = YES;
			};
			name = Debug;
		};
		C62C3FA01C567772005E85BA /* Release */ = {
			isa = XCBuildConfiguration;
			buildSettings = {
				INFOPLIST_FILE = kintaiUITests/Info.plist;
				LD_RUNPATH_SEARCH_PATHS = "$(inherited) @executable_path/Frameworks @loader_path/Frameworks";
				PRODUCT_BUNDLE_IDENTIFIER = tate.kintaiUITests;
				PRODUCT_NAME = "$(TARGET_NAME)";
				TEST_TARGET_NAME = kintai;
				USES_XCTRUNNER = YES;
			};
			name = Release;
		};
/* End XCBuildConfiguration section */

/* Begin XCConfigurationList section */
		C62C3F6B1C567771005E85BA /* Build configuration list for PBXProject "kintai" */ = {
			isa = XCConfigurationList;
			buildConfigurations = (
				C62C3F961C567772005E85BA /* Debug */,
				C62C3F971C567772005E85BA /* Release */,
			);
			defaultConfigurationIsVisible = 0;
			defaultConfigurationName = Release;
		};
		C62C3F981C567772005E85BA /* Build configuration list for PBXNativeTarget "kintai" */ = {
			isa = XCConfigurationList;
			buildConfigurations = (
				C62C3F991C567772005E85BA /* Debug */,
				C62C3F9A1C567772005E85BA /* Release */,
			);
			defaultConfigurationIsVisible = 0;
			defaultConfigurationName = Release;
		};
		C62C3F9B1C567772005E85BA /* Build configuration list for PBXNativeTarget "kintaiTests" */ = {
			isa = XCConfigurationList;
			buildConfigurations = (
				C62C3F9C1C567772005E85BA /* Debug */,
				C62C3F9D1C567772005E85BA /* Release */,
			);
			defaultConfigurationIsVisible = 0;
			defaultConfigurationName = Release;
		};
		C62C3F9E1C567772005E85BA /* Build configuration list for PBXNativeTarget "kintaiUITests" */ = {
			isa = XCConfigurationList;
			buildConfigurations = (
				C62C3F9F1C567772005E85BA /* Debug */,
				C62C3FA01C567772005E85BA /* Release */,
			);
			defaultConfigurationIsVisible = 0;
			defaultConfigurationName = Release;
		};
/* End XCConfigurationList section */
	};
	rootObject = C62C3F681C567771005E85BA /* Project object */;
}
