// !$*UTF8*$!
{
	archiveVersion = 1;
	classes = {
	};
	objectVersion = 50;
	objects = {

/* Begin PBXBuildFile section */
		56AB90F40F07D81BAC4436EB /* Pods_kintaiTests.framework in Frameworks */ = {isa = PBXBuildFile; fileRef = E986BD35535986479FCD3D8C /* Pods_kintaiTests.framework */; };
		C62C3F741C567771005E85BA /* AppDelegate.swift in Sources */ = {isa = PBXBuildFile; fileRef = C62C3F731C567771005E85BA /* AppDelegate.swift */; };
		C62C3F761C567771005E85BA /* ViewController.swift in Sources */ = {isa = PBXBuildFile; fileRef = C62C3F751C567771005E85BA /* ViewController.swift */; };
		C62C3F791C567771005E85BA /* Main.storyboard in Resources */ = {isa = PBXBuildFile; fileRef = C62C3F771C567771005E85BA /* Main.storyboard */; };
		C62C3F7B1C567771005E85BA /* Assets.xcassets in Resources */ = {isa = PBXBuildFile; fileRef = C62C3F7A1C567771005E85BA /* Assets.xcassets */; };
		C62C3F7E1C567771005E85BA /* LaunchScreen.storyboard in Resources */ = {isa = PBXBuildFile; fileRef = C62C3F7C1C567771005E85BA /* LaunchScreen.storyboard */; };
		C62C3F891C567771005E85BA /* kintaiTests.swift in Sources */ = {isa = PBXBuildFile; fileRef = C62C3F881C567771005E85BA /* kintaiTests.swift */; };
		C62C3F941C567772005E85BA /* kintaiUITests.swift in Sources */ = {isa = PBXBuildFile; fileRef = C62C3F931C567772005E85BA /* kintaiUITests.swift */; };
		C645338B20BE239000F90302 /* SystemConfiguration.framework in Frameworks */ = {isa = PBXBuildFile; fileRef = C645338A20BE239000F90302 /* SystemConfiguration.framework */; };
		C645338F20BE239F00F90302 /* Security.framework in Frameworks */ = {isa = PBXBuildFile; fileRef = C645338E20BE239F00F90302 /* Security.framework */; };
		C645339320BE256900F90302 /* MessageUI.framework in Frameworks */ = {isa = PBXBuildFile; fileRef = C645339020BE250B00F90302 /* MessageUI.framework */; };
		C645339520BE257100F90302 /* Charts.framework in Frameworks */ = {isa = PBXBuildFile; fileRef = C645339420BE257100F90302 /* Charts.framework */; };
		C645339720BE25FD00F90302 /* Pods_kintai.framework in Frameworks */ = {isa = PBXBuildFile; fileRef = C645339620BE25FD00F90302 /* Pods_kintai.framework */; };
		C6569F9120BE702100F9765A /* editTextTableViewController.swift in Sources */ = {isa = PBXBuildFile; fileRef = C6569F9020BE702100F9765A /* editTextTableViewController.swift */; };
		C6569F9320BE779900F9765A /* messageText.swift in Sources */ = {isa = PBXBuildFile; fileRef = C6569F9220BE779900F9765A /* messageText.swift */; };
		C6569F9620BE91E900F9765A /* messageSetTableViewCell.swift in Sources */ = {isa = PBXBuildFile; fileRef = C6569F9420BE91E900F9765A /* messageSetTableViewCell.swift */; };
		C6569F9720BE91E900F9765A /* messageSetTableViewCell.xib in Resources */ = {isa = PBXBuildFile; fileRef = C6569F9520BE91E900F9765A /* messageSetTableViewCell.xib */; };
		C69486E91D3742CC002458A4 /* chartViewController.swift in Sources */ = {isa = PBXBuildFile; fileRef = C69486E81D3742CC002458A4 /* chartViewController.swift */; };
		D090C33D2C7169FAC921C66F /* Pods_kintaiUITests.framework in Frameworks */ = {isa = PBXBuildFile; fileRef = 1D3850F0EC12132B12574271 /* Pods_kintaiUITests.framework */; };
/* End PBXBuildFile section */

/* Begin PBXContainerItemProxy section */
		C62C3F851C567771005E85BA /* PBXContainerItemProxy */ = {
			isa = PBXContainerItemProxy;
			containerPortal = C62C3F681C567771005E85BA /* Project object */;
			proxyType = 1;
			remoteGlobalIDString = C62C3F6F1C567771005E85BA;
			remoteInfo = kintai;
		};
		C62C3F901C567771005E85BA /* PBXContainerItemProxy */ = {
			isa = PBXContainerItemProxy;
			containerPortal = C62C3F681C567771005E85BA /* Project object */;
			proxyType = 1;
			remoteGlobalIDString = C62C3F6F1C567771005E85BA;
			remoteInfo = kintai;
		};
/* End PBXContainerItemProxy section */

/* Begin PBXFileReference section */
		15DD7C8D2BFA308D1D0A6FF7 /* Pods.release.xcconfig */ = {isa = PBXFileReference; includeInIndex = 1; lastKnownFileType = text.xcconfig; name = Pods.release.xcconfig; path = "Pods/Target Support Files/Pods/Pods.release.xcconfig"; sourceTree = "<group>"; };
		1D3850F0EC12132B12574271 /* Pods_kintaiUITests.framework */ = {isa = PBXFileReference; explicitFileType = wrapper.framework; includeInIndex = 0; path = Pods_kintaiUITests.framework; sourceTree = BUILT_PRODUCTS_DIR; };
		40302914758A94C036E28717 /* Pods.debug.xcconfig */ = {isa = PBXFileReference; includeInIndex = 1; lastKnownFileType = text.xcconfig; name = Pods.debug.xcconfig; path = "Pods/Target Support Files/Pods/Pods.debug.xcconfig"; sourceTree = "<group>"; };
		4D312DEF3CFF239AAE180E27 /* Pods-kintaiUITests.debug.xcconfig */ = {isa = PBXFileReference; includeInIndex = 1; lastKnownFileType = text.xcconfig; name = "Pods-kintaiUITests.debug.xcconfig"; path = "Pods/Target Support Files/Pods-kintaiUITests/Pods-kintaiUITests.debug.xcconfig"; sourceTree = "<group>"; };
		5EB4E57954539CAAFEDDB67E /* Pods-kintaiTests.debug.xcconfig */ = {isa = PBXFileReference; includeInIndex = 1; lastKnownFileType = text.xcconfig; name = "Pods-kintaiTests.debug.xcconfig"; path = "Pods/Target Support Files/Pods-kintaiTests/Pods-kintaiTests.debug.xcconfig"; sourceTree = "<group>"; };
		6648FC1098FA605026B69DEC /* Pods-kintaiUITests.release.xcconfig */ = {isa = PBXFileReference; includeInIndex = 1; lastKnownFileType = text.xcconfig; name = "Pods-kintaiUITests.release.xcconfig"; path = "Pods/Target Support Files/Pods-kintaiUITests/Pods-kintaiUITests.release.xcconfig"; sourceTree = "<group>"; };
		799CA12A2215588E4F9B03CB /* Pods-kintai.release.xcconfig */ = {isa = PBXFileReference; includeInIndex = 1; lastKnownFileType = text.xcconfig; name = "Pods-kintai.release.xcconfig"; path = "Pods/Target Support Files/Pods-kintai/Pods-kintai.release.xcconfig"; sourceTree = "<group>"; };
		C62C3F701C567771005E85BA /* kintai.app */ = {isa = PBXFileReference; explicitFileType = wrapper.application; includeInIndex = 0; path = kintai.app; sourceTree = BUILT_PRODUCTS_DIR; };
		C62C3F731C567771005E85BA /* AppDelegate.swift */ = {isa = PBXFileReference; lastKnownFileType = sourcecode.swift; path = AppDelegate.swift; sourceTree = "<group>"; };
		C62C3F751C567771005E85BA /* ViewController.swift */ = {isa = PBXFileReference; lastKnownFileType = sourcecode.swift; path = ViewController.swift; sourceTree = "<group>"; };
		C62C3F781C567771005E85BA /* Base */ = {isa = PBXFileReference; lastKnownFileType = file.storyboard; name = Base; path = Base.lproj/Main.storyboard; sourceTree = "<group>"; };
		C62C3F7A1C567771005E85BA /* Assets.xcassets */ = {isa = PBXFileReference; lastKnownFileType = folder.assetcatalog; path = Assets.xcassets; sourceTree = "<group>"; };
		C62C3F7D1C567771005E85BA /* Base */ = {isa = PBXFileReference; lastKnownFileType = file.storyboard; name = Base; path = Base.lproj/LaunchScreen.storyboard; sourceTree = "<group>"; };
		C62C3F7F1C567771005E85BA /* Info.plist */ = {isa = PBXFileReference; lastKnownFileType = text.plist.xml; path = Info.plist; sourceTree = "<group>"; };
		C62C3F841C567771005E85BA /* kintaiTests.xctest */ = {isa = PBXFileReference; explicitFileType = wrapper.cfbundle; includeInIndex = 0; path = kintaiTests.xctest; sourceTree = BUILT_PRODUCTS_DIR; };
		C62C3F881C567771005E85BA /* kintaiTests.swift */ = {isa = PBXFileReference; lastKnownFileType = sourcecode.swift; path = kintaiTests.swift; sourceTree = "<group>"; };
		C62C3F8A1C567771005E85BA /* Info.plist */ = {isa = PBXFileReference; lastKnownFileType = text.plist.xml; path = Info.plist; sourceTree = "<group>"; };
		C62C3F8F1C567771005E85BA /* kintaiUITests.xctest */ = {isa = PBXFileReference; explicitFileType = wrapper.cfbundle; includeInIndex = 0; path = kintaiUITests.xctest; sourceTree = BUILT_PRODUCTS_DIR; };
		C62C3F931C567772005E85BA /* kintaiUITests.swift */ = {isa = PBXFileReference; lastKnownFileType = sourcecode.swift; path = kintaiUITests.swift; sourceTree = "<group>"; };
		C62C3F951C567772005E85BA /* Info.plist */ = {isa = PBXFileReference; lastKnownFileType = text.plist.xml; path = Info.plist; sourceTree = "<group>"; };
		C645338A20BE239000F90302 /* SystemConfiguration.framework */ = {isa = PBXFileReference; lastKnownFileType = wrapper.framework; name = SystemConfiguration.framework; path = System/Library/Frameworks/SystemConfiguration.framework; sourceTree = SDKROOT; };
		C645338E20BE239F00F90302 /* Security.framework */ = {isa = PBXFileReference; lastKnownFileType = wrapper.framework; name = Security.framework; path = System/Library/Frameworks/Security.framework; sourceTree = SDKROOT; };
		C645339020BE250B00F90302 /* MessageUI.framework */ = {isa = PBXFileReference; lastKnownFileType = wrapper.framework; name = MessageUI.framework; path = System/Library/Frameworks/MessageUI.framework; sourceTree = SDKROOT; };
		C645339420BE257100F90302 /* Charts.framework */ = {isa = PBXFileReference; explicitFileType = wrapper.framework; path = Charts.framework; sourceTree = BUILT_PRODUCTS_DIR; };
		C645339620BE25FD00F90302 /* Pods_kintai.framework */ = {isa = PBXFileReference; explicitFileType = wrapper.framework; path = Pods_kintai.framework; sourceTree = BUILT_PRODUCTS_DIR; };
		C6569F9020BE702100F9765A /* editTextTableViewController.swift */ = {isa = PBXFileReference; lastKnownFileType = sourcecode.swift; path = editTextTableViewController.swift; sourceTree = "<group>"; };
		C6569F9220BE779900F9765A /* messageText.swift */ = {isa = PBXFileReference; lastKnownFileType = sourcecode.swift; path = messageText.swift; sourceTree = "<group>"; };
		C6569F9420BE91E900F9765A /* messageSetTableViewCell.swift */ = {isa = PBXFileReference; lastKnownFileType = sourcecode.swift; path = messageSetTableViewCell.swift; sourceTree = "<group>"; };
		C6569F9520BE91E900F9765A /* messageSetTableViewCell.xib */ = {isa = PBXFileReference; lastKnownFileType = file.xib; path = messageSetTableViewCell.xib; sourceTree = "<group>"; };
		C69486E81D3742CC002458A4 /* chartViewController.swift */ = {isa = PBXFileReference; fileEncoding = 4; lastKnownFileType = sourcecode.swift; path = chartViewController.swift; sourceTree = "<group>"; };
		D4DF3B6FE176448B46F350EC /* Pods-kintaiTests.release.xcconfig */ = {isa = PBXFileReference; includeInIndex = 1; lastKnownFileType = text.xcconfig; name = "Pods-kintaiTests.release.xcconfig"; path = "Pods/Target Support Files/Pods-kintaiTests/Pods-kintaiTests.release.xcconfig"; sourceTree = "<group>"; };
		E986BD35535986479FCD3D8C /* Pods_kintaiTests.framework */ = {isa = PBXFileReference; explicitFileType = wrapper.framework; includeInIndex = 0; path = Pods_kintaiTests.framework; sourceTree = BUILT_PRODUCTS_DIR; };
		EB4D9F26C9DDF4CD0AFB4996 /* Pods-kintai.debug.xcconfig */ = {isa = PBXFileReference; includeInIndex = 1; lastKnownFileType = text.xcconfig; name = "Pods-kintai.debug.xcconfig"; path = "Pods/Target Support Files/Pods-kintai/Pods-kintai.debug.xcconfig"; sourceTree = "<group>"; };
/* End PBXFileReference section */

/* Begin PBXFrameworksBuildPhase section */
		C62C3F6D1C567771005E85BA /* Frameworks */ = {
			isa = PBXFrameworksBuildPhase;
			buildActionMask = 2147483647;
			files = (
				C645339720BE25FD00F90302 /* Pods_kintai.framework in Frameworks */,
				C645339520BE257100F90302 /* Charts.framework in Frameworks */,
				C645339320BE256900F90302 /* MessageUI.framework in Frameworks */,
				C645338F20BE239F00F90302 /* Security.framework in Frameworks */,
				C645338B20BE239000F90302 /* SystemConfiguration.framework in Frameworks */,
			);
			runOnlyForDeploymentPostprocessing = 0;
		};
		C62C3F811C567771005E85BA /* Frameworks */ = {
			isa = PBXFrameworksBuildPhase;
			buildActionMask = 2147483647;
			files = (
				56AB90F40F07D81BAC4436EB /* Pods_kintaiTests.framework in Frameworks */,
			);
			runOnlyForDeploymentPostprocessing = 0;
		};
		C62C3F8C1C567771005E85BA /* Frameworks */ = {
			isa = PBXFrameworksBuildPhase;
			buildActionMask = 2147483647;
			files = (
				D090C33D2C7169FAC921C66F /* Pods_kintaiUITests.framework in Frameworks */,
			);
			runOnlyForDeploymentPostprocessing = 0;
		};
/* End PBXFrameworksBuildPhase section */

/* Begin PBXGroup section */
		36C54AA74815815DC180EBF3 /* Pods */ = {
			isa = PBXGroup;
			children = (
				40302914758A94C036E28717 /* Pods.debug.xcconfig */,
				15DD7C8D2BFA308D1D0A6FF7 /* Pods.release.xcconfig */,
				EB4D9F26C9DDF4CD0AFB4996 /* Pods-kintai.debug.xcconfig */,
				799CA12A2215588E4F9B03CB /* Pods-kintai.release.xcconfig */,
				5EB4E57954539CAAFEDDB67E /* Pods-kintaiTests.debug.xcconfig */,
				D4DF3B6FE176448B46F350EC /* Pods-kintaiTests.release.xcconfig */,
				4D312DEF3CFF239AAE180E27 /* Pods-kintaiUITests.debug.xcconfig */,
				6648FC1098FA605026B69DEC /* Pods-kintaiUITests.release.xcconfig */,
			);
			name = Pods;
			sourceTree = "<group>";
		};
		C62C3F671C567771005E85BA = {
			isa = PBXGroup;
			children = (
				C62C3F721C567771005E85BA /* kintai */,
				C62C3F871C567771005E85BA /* kintaiTests */,
				C62C3F921C567772005E85BA /* kintaiUITests */,
				C62C3F711C567771005E85BA /* Products */,
				36C54AA74815815DC180EBF3 /* Pods */,
				ED6A7E2DAB67ADA0B11BD20A /* Frameworks */,
			);
			sourceTree = "<group>";
		};
		C62C3F711C567771005E85BA /* Products */ = {
			isa = PBXGroup;
			children = (
				C62C3F701C567771005E85BA /* kintai.app */,
				C62C3F841C567771005E85BA /* kintaiTests.xctest */,
				C62C3F8F1C567771005E85BA /* kintaiUITests.xctest */,
			);
			name = Products;
			sourceTree = "<group>";
		};
		C62C3F721C567771005E85BA /* kintai */ = {
			isa = PBXGroup;
			children = (
				C62C3F731C567771005E85BA /* AppDelegate.swift */,
				C62C3F751C567771005E85BA /* ViewController.swift */,
				C69486E81D3742CC002458A4 /* chartViewController.swift */,
				C6569F9020BE702100F9765A /* editTextTableViewController.swift */,
				C6569F9220BE779900F9765A /* messageText.swift */,
				C6569F9520BE91E900F9765A /* messageSetTableViewCell.xib */,
				C62C3F771C567771005E85BA /* Main.storyboard */,
				C62C3F7A1C567771005E85BA /* Assets.xcassets */,
				C62C3F7C1C567771005E85BA /* LaunchScreen.storyboard */,
				C6569F9420BE91E900F9765A /* messageSetTableViewCell.swift */,
				C62C3F7F1C567771005E85BA /* Info.plist */,
			);
			path = kintai;
			sourceTree = "<group>";
		};
		C62C3F871C567771005E85BA /* kintaiTests */ = {
			isa = PBXGroup;
			children = (
				C62C3F881C567771005E85BA /* kintaiTests.swift */,
				C62C3F8A1C567771005E85BA /* Info.plist */,
			);
			path = kintaiTests;
			sourceTree = "<group>";
		};
		C62C3F921C567772005E85BA /* kintaiUITests */ = {
			isa = PBXGroup;
			children = (
				C62C3F931C567772005E85BA /* kintaiUITests.swift */,
				C62C3F951C567772005E85BA /* Info.plist */,
			);
			path = kintaiUITests;
			sourceTree = "<group>";
		};
		ED6A7E2DAB67ADA0B11BD20A /* Frameworks */ = {
			isa = PBXGroup;
			children = (
				C645339620BE25FD00F90302 /* Pods_kintai.framework */,
				C645339420BE257100F90302 /* Charts.framework */,
				C645339020BE250B00F90302 /* MessageUI.framework */,
				C645338E20BE239F00F90302 /* Security.framework */,
				C645338A20BE239000F90302 /* SystemConfiguration.framework */,
				E986BD35535986479FCD3D8C /* Pods_kintaiTests.framework */,
				1D3850F0EC12132B12574271 /* Pods_kintaiUITests.framework */,
			);
			name = Frameworks;
			sourceTree = "<group>";
		};
/* End PBXGroup section */

/* Begin PBXNativeTarget section */
		C62C3F6F1C567771005E85BA /* kintai */ = {
			isa = PBXNativeTarget;
			buildConfigurationList = C62C3F981C567772005E85BA /* Build configuration list for PBXNativeTarget "kintai" */;
			buildPhases = (
				590D608B4B8315F75B7FA3FB /* [CP] Check Pods Manifest.lock */,
				719F759AC0ED39DB5B815A2F /* Check Pods Manifest.lock */,
				C62C3F6C1C567771005E85BA /* Sources */,
				C62C3F6D1C567771005E85BA /* Frameworks */,
				C62C3F6E1C567771005E85BA /* Resources */,
				BAC227895D19B1E3C2F24D4D /* Embed Pods Frameworks */,
				1357193D1B53A608A5518548 /* [CP] Embed Pods Frameworks */,
			);
			buildRules = (
			);
			dependencies = (
			);
			name = kintai;
			productName = kintai;
			productReference = C62C3F701C567771005E85BA /* kintai.app */;
			productType = "com.apple.product-type.application";
		};
		C62C3F831C567771005E85BA /* kintaiTests */ = {
			isa = PBXNativeTarget;
			buildConfigurationList = C62C3F9B1C567772005E85BA /* Build configuration list for PBXNativeTarget "kintaiTests" */;
			buildPhases = (
				7CDE74591A2CBAFD9986003C /* [CP] Check Pods Manifest.lock */,
				C62C3F801C567771005E85BA /* Sources */,
				C62C3F811C567771005E85BA /* Frameworks */,
				C62C3F821C567771005E85BA /* Resources */,
			);
			buildRules = (
			);
			dependencies = (
				C62C3F861C567771005E85BA /* PBXTargetDependency */,
			);
			name = kintaiTests;
			productName = kintaiTests;
			productReference = C62C3F841C567771005E85BA /* kintaiTests.xctest */;
			productType = "com.apple.product-type.bundle.unit-test";
		};
		C62C3F8E1C567771005E85BA /* kintaiUITests */ = {
			isa = PBXNativeTarget;
			buildConfigurationList = C62C3F9E1C567772005E85BA /* Build configuration list for PBXNativeTarget "kintaiUITests" */;
			buildPhases = (
				34CB62B538E0194828960145 /* [CP] Check Pods Manifest.lock */,
				C62C3F8B1C567771005E85BA /* Sources */,
				C62C3F8C1C567771005E85BA /* Frameworks */,
				C62C3F8D1C567771005E85BA /* Resources */,
			);
			buildRules = (
			);
			dependencies = (
				C62C3F911C567771005E85BA /* PBXTargetDependency */,
			);
			name = kintaiUITests;
			productName = kintaiUITests;
			productReference = C62C3F8F1C567771005E85BA /* kintaiUITests.xctest */;
			productType = "com.apple.product-type.bundle.ui-testing";
		};
/* End PBXNativeTarget section */

/* Begin PBXProject section */
		C62C3F681C567771005E85BA /* Project object */ = {
			isa = PBXProject;
			attributes = {
				LastSwiftUpdateCheck = 0720;
				LastUpgradeCheck = 0720;
				ORGANIZATIONNAME = KAMAKURAKAZUHIRO;
				TargetAttributes = {
					C62C3F6F1C567771005E85BA = {
						CreatedOnToolsVersion = 7.2;
						DevelopmentTeam = 5S9BE29758;
					};
					C62C3F831C567771005E85BA = {
						CreatedOnToolsVersion = 7.2;
						TestTargetID = C62C3F6F1C567771005E85BA;
					};
					C62C3F8E1C567771005E85BA = {
						CreatedOnToolsVersion = 7.2;
						TestTargetID = C62C3F6F1C567771005E85BA;
					};
				};
			};
			buildConfigurationList = C62C3F6B1C567771005E85BA /* Build configuration list for PBXProject "kintai" */;
			compatibilityVersion = "Xcode 9.3";
			developmentRegion = English;
			hasScannedForEncodings = 0;
			knownRegions = (
				en,
				Base,
			);
			mainGroup = C62C3F671C567771005E85BA;
			productRefGroup = C62C3F711C567771005E85BA /* Products */;
			projectDirPath = "";
			projectRoot = "";
			targets = (
				C62C3F6F1C567771005E85BA /* kintai */,
				C62C3F831C567771005E85BA /* kintaiTests */,
				C62C3F8E1C567771005E85BA /* kintaiUITests */,
			);
		};
/* End PBXProject section */

/* Begin PBXResourcesBuildPhase section */
		C62C3F6E1C567771005E85BA /* Resources */ = {
			isa = PBXResourcesBuildPhase;
			buildActionMask = 2147483647;
			files = (
				C62C3F7E1C567771005E85BA /* LaunchScreen.storyboard in Resources */,
				C62C3F7B1C567771005E85BA /* Assets.xcassets in Resources */,
				C62C3F791C567771005E85BA /* Main.storyboard in Resources */,
				C6569F9720BE91E900F9765A /* messageSetTableViewCell.xib in Resources */,
			);
			runOnlyForDeploymentPostprocessing = 0;
		};
		C62C3F821C567771005E85BA /* Resources */ = {
			isa = PBXResourcesBuildPhase;
			buildActionMask = 2147483647;
			files = (
			);
			runOnlyForDeploymentPostprocessing = 0;
		};
		C62C3F8D1C567771005E85BA /* Resources */ = {
			isa = PBXResourcesBuildPhase;
			buildActionMask = 2147483647;
			files = (
			);
			runOnlyForDeploymentPostprocessing = 0;
		};
/* End PBXResourcesBuildPhase section */

/* Begin PBXShellScriptBuildPhase section */
		1357193D1B53A608A5518548 /* [CP] Embed Pods Frameworks */ = {
			isa = PBXShellScriptBuildPhase;
			buildActionMask = 2147483647;
			files = (
			);
			inputPaths = (
				"${SRCROOT}/Pods/Target Support Files/Pods-kintai/Pods-kintai-frameworks.sh",
				"${BUILT_PRODUCTS_DIR}/Charts/Charts.framework",
				"${BUILT_PRODUCTS_DIR}/Realm/Realm.framework",
				"${BUILT_PRODUCTS_DIR}/RealmSwift/RealmSwift.framework",
			);
			name = "[CP] Embed Pods Frameworks";
			outputPaths = (
				"${TARGET_BUILD_DIR}/${FRAMEWORKS_FOLDER_PATH}/Charts.framework",
				"${TARGET_BUILD_DIR}/${FRAMEWORKS_FOLDER_PATH}/Realm.framework",
				"${TARGET_BUILD_DIR}/${FRAMEWORKS_FOLDER_PATH}/RealmSwift.framework",
			);
			runOnlyForDeploymentPostprocessing = 0;
			shellPath = /bin/sh;
			shellScript = "\"${SRCROOT}/Pods/Target Support Files/Pods-kintai/Pods-kintai-frameworks.sh\"\n";
			showEnvVarsInLog = 0;
		};
		34CB62B538E0194828960145 /* [CP] Check Pods Manifest.lock */ = {
			isa = PBXShellScriptBuildPhase;
			buildActionMask = 2147483647;
			files = (
			);
			inputPaths = (
				"${PODS_PODFILE_DIR_PATH}/Podfile.lock",
				"${PODS_ROOT}/Manifest.lock",
			);
			name = "[CP] Check Pods Manifest.lock";
			outputPaths = (
				"$(DERIVED_FILE_DIR)/Pods-kintaiUITests-checkManifestLockResult.txt",
			);
			runOnlyForDeploymentPostprocessing = 0;
			shellPath = /bin/sh;
			shellScript = "diff \"${PODS_PODFILE_DIR_PATH}/Podfile.lock\" \"${PODS_ROOT}/Manifest.lock\" > /dev/null\nif [ $? != 0 ] ; then\n    # print error to STDERR\n    echo \"error: The sandbox is not in sync with the Podfile.lock. Run 'pod install' or update your CocoaPods installation.\" >&2\n    exit 1\nfi\n# This output is used by Xcode 'outputs' to avoid re-running this script phase.\necho \"SUCCESS\" > \"${SCRIPT_OUTPUT_FILE_0}\"\n";
			showEnvVarsInLog = 0;
		};
		590D608B4B8315F75B7FA3FB /* [CP] Check Pods Manifest.lock */ = {
			isa = PBXShellScriptBuildPhase;
			buildActionMask = 2147483647;
			files = (
			);
			inputPaths = (
				"${PODS_PODFILE_DIR_PATH}/Podfile.lock",
				"${PODS_ROOT}/Manifest.lock",
			);
			name = "[CP] Check Pods Manifest.lock";
			outputPaths = (
				"$(DERIVED_FILE_DIR)/Pods-kintai-checkManifestLockResult.txt",
			);
			runOnlyForDeploymentPostprocessing = 0;
			shellPath = /bin/sh;
			shellScript = "diff \"${PODS_PODFILE_DIR_PATH}/Podfile.lock\" \"${PODS_ROOT}/Manifest.lock\" > /dev/null\nif [ $? != 0 ] ; then\n    # print error to STDERR\n    echo \"error: The sandbox is not in sync with the Podfile.lock. Run 'pod install' or update your CocoaPods installation.\" >&2\n    exit 1\nfi\n# This output is used by Xcode 'outputs' to avoid re-running this script phase.\necho \"SUCCESS\" > \"${SCRIPT_OUTPUT_FILE_0}\"\n";
			showEnvVarsInLog = 0;
		};
		719F759AC0ED39DB5B815A2F /* Check Pods Manifest.lock */ = {
			isa = PBXShellScriptBuildPhase;
			buildActionMask = 2147483647;
			files = (
			);
			inputPaths = (
			);
			name = "Check Pods Manifest.lock";
			outputPaths = (
			);
			runOnlyForDeploymentPostprocessing = 0;
			shellPath = /bin/sh;
			shellScript = "diff \"${PODS_ROOT}/../Podfile.lock\" \"${PODS_ROOT}/Manifest.lock\" > /dev/null\nif [[ $? != 0 ]] ; then\n    cat << EOM\nerror: The sandbox is not in sync with the Podfile.lock. Run 'pod install' or update your CocoaPods installation.\nEOM\n    exit 1\nfi\n";
			showEnvVarsInLog = 0;
		};
		7CDE74591A2CBAFD9986003C /* [CP] Check Pods Manifest.lock */ = {
			isa = PBXShellScriptBuildPhase;
			buildActionMask = 2147483647;
			files = (
			);
			inputPaths = (
				"${PODS_PODFILE_DIR_PATH}/Podfile.lock",
				"${PODS_ROOT}/Manifest.lock",
			);
			name = "[CP] Check Pods Manifest.lock";
			outputPaths = (
				"$(DERIVED_FILE_DIR)/Pods-kintaiTests-checkManifestLockResult.txt",
			);
			runOnlyForDeploymentPostprocessing = 0;
			shellPath = /bin/sh;
			shellScript = "diff \"${PODS_PODFILE_DIR_PATH}/Podfile.lock\" \"${PODS_ROOT}/Manifest.lock\" > /dev/null\nif [ $? != 0 ] ; then\n    # print error to STDERR\n    echo \"error: The sandbox is not in sync with the Podfile.lock. Run 'pod install' or update your CocoaPods installation.\" >&2\n    exit 1\nfi\n# This output is used by Xcode 'outputs' to avoid re-running this script phase.\necho \"SUCCESS\" > \"${SCRIPT_OUTPUT_FILE_0}\"\n";
			showEnvVarsInLog = 0;
		};
		BAC227895D19B1E3C2F24D4D /* Embed Pods Frameworks */ = {
			isa = PBXShellScriptBuildPhase;
			buildActionMask = 2147483647;
			files = (
			);
			inputPaths = (
				"${SRCROOT}/Pods/Target Support Files/Pods-kintai/Pods-kintai-frameworks.sh",
			);
			name = "Embed Pods Frameworks";
			outputPaths = (
			);
			runOnlyForDeploymentPostprocessing = 0;
			shellPath = /bin/sh;
			shellScript = "\"${SRCROOT}/Pods/Target Support Files/Pods-kintai/Pods-kintai-frameworks.sh\"\n";
			showEnvVarsInLog = 0;
		};
/* End PBXShellScriptBuildPhase section */

/* Begin PBXSourcesBuildPhase section */
		C62C3F6C1C567771005E85BA /* Sources */ = {
			isa = PBXSourcesBuildPhase;
			buildActionMask = 2147483647;
			files = (
				C62C3F761C567771005E85BA /* ViewController.swift in Sources */,
				C6569F9320BE779900F9765A /* messageText.swift in Sources */,
				C69486E91D3742CC002458A4 /* chartViewController.swift in Sources */,
				C6569F9120BE702100F9765A /* editTextTableViewController.swift in Sources */,
				C6569F9620BE91E900F9765A /* messageSetTableViewCell.swift in Sources */,
				C62C3F741C567771005E85BA /* AppDelegate.swift in Sources */,
			);
			runOnlyForDeploymentPostprocessing = 0;
		};
		C62C3F801C567771005E85BA /* Sources */ = {
			isa = PBXSourcesBuildPhase;
			buildActionMask = 2147483647;
			files = (
				C62C3F891C567771005E85BA /* kintaiTests.swift in Sources */,
			);
			runOnlyForDeploymentPostprocessing = 0;
		};
		C62C3F8B1C567771005E85BA /* Sources */ = {
			isa = PBXSourcesBuildPhase;
			buildActionMask = 2147483647;
			files = (
				C62C3F941C567772005E85BA /* kintaiUITests.swift in Sources */,
			);
			runOnlyForDeploymentPostprocessing = 0;
		};
/* End PBXSourcesBuildPhase section */

/* Begin PBXTargetDependency section */
		C62C3F861C567771005E85BA /* PBXTargetDependency */ = {
			isa = PBXTargetDependency;
			target = C62C3F6F1C567771005E85BA /* kintai */;
			targetProxy = C62C3F851C567771005E85BA /* PBXContainerItemProxy */;
		};
		C62C3F911C567771005E85BA /* PBXTargetDependency */ = {
			isa = PBXTargetDependency;
			target = C62C3F6F1C567771005E85BA /* kintai */;
			targetProxy = C62C3F901C567771005E85BA /* PBXContainerItemProxy */;
		};
/* End PBXTargetDependency section */

/* Begin PBXVariantGroup section */
		C62C3F771C567771005E85BA /* Main.storyboard */ = {
			isa = PBXVariantGroup;
			children = (
				C62C3F781C567771005E85BA /* Base */,
			);
			name = Main.storyboard;
			sourceTree = "<group>";
		};
		C62C3F7C1C567771005E85BA /* LaunchScreen.storyboard */ = {
			isa = PBXVariantGroup;
			children = (
				C62C3F7D1C567771005E85BA /* Base */,
			);
			name = LaunchScreen.storyboard;
			sourceTree = "<group>";
		};
/* End PBXVariantGroup section */

/* Begin XCBuildConfiguration section */
		C62C3F961C567772005E85BA /* Debug */ = {
			isa = XCBuildConfiguration;
			buildSettings = {
				ALWAYS_SEARCH_USER_PATHS = NO;
				CLANG_CXX_LANGUAGE_STANDARD = "gnu++0x";
				CLANG_CXX_LIBRARY = "libc++";
				CLANG_ENABLE_MODULES = YES;
				CLANG_ENABLE_OBJC_ARC = YES;
				CLANG_WARN_BOOL_CONVERSION = YES;
				CLANG_WARN_CONSTANT_CONVERSION = YES;
				CLANG_WARN_DIRECT_OBJC_ISA_USAGE = YES_ERROR;
				CLANG_WARN_EMPTY_BODY = YES;
				CLANG_WARN_ENUM_CONVERSION = YES;
				CLANG_WARN_INT_CONVERSION = YES;
				CLANG_WARN_OBJC_ROOT_CLASS = YES_ERROR;
				CLANG_WARN_UNREACHABLE_CODE = YES;
				CLANG_WARN__DUPLICATE_METHOD_MATCH = YES;
				"CODE_SIGN_IDENTITY[sdk=iphoneos*]" = "iPhone Developer";
				COPY_PHASE_STRIP = NO;
				DEBUG_INFORMATION_FORMAT = dwarf;
				ENABLE_STRICT_OBJC_MSGSEND = YES;
				ENABLE_TESTABILITY = YES;
				GCC_C_LANGUAGE_STANDARD = gnu99;
				GCC_DYNAMIC_NO_PIC = NO;
				GCC_NO_COMMON_BLOCKS = YES;
				GCC_OPTIMIZATION_LEVEL = 0;
				GCC_PREPROCESSOR_DEFINITIONS = (
					"DEBUG=1",
					"$(inherited)",
				);
				GCC_WARN_64_TO_32_BIT_CONVERSION = YES;
				GCC_WARN_ABOUT_RETURN_TYPE = YES_ERROR;
				GCC_WARN_UNDECLARED_SELECTOR = YES;
				GCC_WARN_UNINITIALIZED_AUTOS = YES_AGGRESSIVE;
				GCC_WARN_UNUSED_FUNCTION = YES;
				GCC_WARN_UNUSED_VARIABLE = YES;
				IPHONEOS_DEPLOYMENT_TARGET = 11.0;
				LIBRARY_SEARCH_PATHS = "$(inherited)  ";
				MTL_ENABLE_DEBUG_INFO = YES;
				ONLY_ACTIVE_ARCH = NO;
				SDKROOT = iphoneos;
				SWIFT_COMPILATION_MODE = singlefile;
				SWIFT_OPTIMIZATION_LEVEL = "-Onone";
			};
			name = Debug;
		};
		C62C3F971C567772005E85BA /* Release */ = {
			isa = XCBuildConfiguration;
			buildSettings = {
				ALWAYS_SEARCH_USER_PATHS = NO;
				CLANG_CXX_LANGUAGE_STANDARD = "gnu++0x";
				CLANG_CXX_LIBRARY = "libc++";
				CLANG_ENABLE_MODULES = YES;
				CLANG_ENABLE_OBJC_ARC = YES;
				CLANG_WARN_BOOL_CONVERSION = YES;
				CLANG_WARN_CONSTANT_CONVERSION = YES;
				CLANG_WARN_DIRECT_OBJC_ISA_USAGE = YES_ERROR;
				CLANG_WARN_EMPTY_BODY = YES;
				CLANG_WARN_ENUM_CONVERSION = YES;
				CLANG_WARN_INT_CONVERSION = YES;
				CLANG_WARN_OBJC_ROOT_CLASS = YES_ERROR;
				CLANG_WARN_UNREACHABLE_CODE = YES;
				CLANG_WARN__DUPLICATE_METHOD_MATCH = YES;
				"CODE_SIGN_IDENTITY[sdk=iphoneos*]" = "iPhone Developer";
				COPY_PHASE_STRIP = NO;
				DEBUG_INFORMATION_FORMAT = "dwarf-with-dsym";
				ENABLE_NS_ASSERTIONS = NO;
				ENABLE_STRICT_OBJC_MSGSEND = YES;
				GCC_C_LANGUAGE_STANDARD = gnu99;
				GCC_NO_COMMON_BLOCKS = YES;
				GCC_WARN_64_TO_32_BIT_CONVERSION = YES;
				GCC_WARN_ABOUT_RETURN_TYPE = YES_ERROR;
				GCC_WARN_UNDECLARED_SELECTOR = YES;
				GCC_WARN_UNINITIALIZED_AUTOS = YES_AGGRESSIVE;
				GCC_WARN_UNUSED_FUNCTION = YES;
				GCC_WARN_UNUSED_VARIABLE = YES;
				IPHONEOS_DEPLOYMENT_TARGET = 11.0;
				MTL_ENABLE_DEBUG_INFO = NO;
				SDKROOT = iphoneos;
				VALIDATE_PRODUCT = YES;
			};
			name = Release;
		};
		C62C3F991C567772005E85BA /* Debug */ = {
			isa = XCBuildConfiguration;
			baseConfigurationReference = EB4D9F26C9DDF4CD0AFB4996 /* Pods-kintai.debug.xcconfig */;
			buildSettings = {
				ASSETCATALOG_COMPILER_APPICON_NAME = AppIcon;
				CODE_SIGN_IDENTITY = "iPhone Developer";
				"CODE_SIGN_IDENTITY[sdk=iphoneos*]" = "iPhone Developer";
				INFOPLIST_FILE = kintai/Info.plist;
				IPHONEOS_DEPLOYMENT_TARGET = 11.0;
				LD_RUNPATH_SEARCH_PATHS = (
					"$(inherited)",
					"@executable_path/Frameworks",
				);
				PRODUCT_BUNDLE_IDENTIFIER = tate.kintai;
				PRODUCT_NAME = "$(TARGET_NAME)";
				PROVISIONING_PROFILE = "719afe8c-2af5-4699-baab-9895e22693ee";
				SWIFT_VERSION = 4.0;
				TARGETED_DEVICE_FAMILY = 1;
			};
			name = Debug;
		};
		C62C3F9A1C567772005E85BA /* Release */ = {
			isa = XCBuildConfiguration;
			baseConfigurationReference = 799CA12A2215588E4F9B03CB /* Pods-kintai.release.xcconfig */;
			buildSettings = {
				ASSETCATALOG_COMPILER_APPICON_NAME = AppIcon;
				CODE_SIGN_IDENTITY = "iPhone Developer";
				"CODE_SIGN_IDENTITY[sdk=iphoneos*]" = "iPhone Developer";
				INFOPLIST_FILE = kintai/Info.plist;
				IPHONEOS_DEPLOYMENT_TARGET = 11.0;
				LD_RUNPATH_SEARCH_PATHS = (
					"$(inherited)",
					"@executable_path/Frameworks",
				);
				LIBRARY_SEARCH_PATHS = "$(inherited)  ";
				PRODUCT_BUNDLE_IDENTIFIER = tate.kintai;
				PRODUCT_NAME = "$(TARGET_NAME)";
				PROVISIONING_PROFILE = "719afe8c-2af5-4699-baab-9895e22693ee";
				SWIFT_VERSION = 4.0;
				TARGETED_DEVICE_FAMILY = 1;
			};
			name = Release;
		};
		C62C3F9C1C567772005E85BA /* Debug */ = {
			isa = XCBuildConfiguration;
			baseConfigurationReference = 5EB4E57954539CAAFEDDB67E /* Pods-kintaiTests.debug.xcconfig */;
			buildSettings = {
				BUNDLE_LOADER = "$(TEST_HOST)";
				INFOPLIST_FILE = kintaiTests/Info.plist;
				LD_RUNPATH_SEARCH_PATHS = (
					"$(inherited)",
					"@executable_path/Frameworks",
					"@loader_path/Frameworks",
				);
				PRODUCT_BUNDLE_IDENTIFIER = tate.kintaiTests;
				PRODUCT_NAME = "$(TARGET_NAME)";
				SWIFT_VERSION = 4.0;
				TEST_HOST = "$(BUILT_PRODUCTS_DIR)/kintai.app/kintai";
			};
			name = Debug;
		};
		C62C3F9D1C567772005E85BA /* Release */ = {
			isa = XCBuildConfiguration;
			baseConfigurationReference = D4DF3B6FE176448B46F350EC /* Pods-kintaiTests.release.xcconfig */;
			buildSettings = {
				BUNDLE_LOADER = "$(TEST_HOST)";
				INFOPLIST_FILE = kintaiTests/Info.plist;
				LD_RUNPATH_SEARCH_PATHS = (
					"$(inherited)",
					"@executable_path/Frameworks",
					"@loader_path/Frameworks",
				);
				PRODUCT_BUNDLE_IDENTIFIER = tate.kintaiTests;
				PRODUCT_NAME = "$(TARGET_NAME)";
				SWIFT_VERSION = 4.0;
				TEST_HOST = "$(BUILT_PRODUCTS_DIR)/kintai.app/kintai";
			};
			name = Release;
		};
		C62C3F9F1C567772005E85BA /* Debug */ = {
			isa = XCBuildConfiguration;
			baseConfigurationReference = 4D312DEF3CFF239AAE180E27 /* Pods-kintaiUITests.debug.xcconfig */;
			buildSettings = {
				INFOPLIST_FILE = kintaiUITests/Info.plist;
				LD_RUNPATH_SEARCH_PATHS = (
					"$(inherited)",
					"@executable_path/Frameworks",
					"@loader_path/Frameworks",
				);
				PRODUCT_BUNDLE_IDENTIFIER = tate.kintaiUITests;
				PRODUCT_NAME = "$(TARGET_NAME)";
				SWIFT_VERSION = 4.0;
				TEST_TARGET_NAME = kintai;
				USES_XCTRUNNER = YES;
			};
			name = Debug;
		};
		C62C3FA01C567772005E85BA /* Release */ = {
			isa = XCBuildConfiguration;
			baseConfigurationReference = 6648FC1098FA605026B69DEC /* Pods-kintaiUITests.release.xcconfig */;
			buildSettings = {
				INFOPLIST_FILE = kintaiUITests/Info.plist;
				LD_RUNPATH_SEARCH_PATHS = (
					"$(inherited)",
					"@executable_path/Frameworks",
					"@loader_path/Frameworks",
				);
				PRODUCT_BUNDLE_IDENTIFIER = tate.kintaiUITests;
				PRODUCT_NAME = "$(TARGET_NAME)";
				SWIFT_VERSION = 4.0;
				TEST_TARGET_NAME = kintai;
				USES_XCTRUNNER = YES;
			};
			name = Release;
		};
/* End XCBuildConfiguration section */

/* Begin XCConfigurationList section */
		C62C3F6B1C567771005E85BA /* Build configuration list for PBXProject "kintai" */ = {
			isa = XCConfigurationList;
			buildConfigurations = (
				C62C3F961C567772005E85BA /* Debug */,
				C62C3F971C567772005E85BA /* Release */,
			);
			defaultConfigurationIsVisible = 0;
			defaultConfigurationName = Release;
		};
		C62C3F981C567772005E85BA /* Build configuration list for PBXNativeTarget "kintai" */ = {
			isa = XCConfigurationList;
			buildConfigurations = (
				C62C3F991C567772005E85BA /* Debug */,
				C62C3F9A1C567772005E85BA /* Release */,
			);
			defaultConfigurationIsVisible = 0;
			defaultConfigurationName = Release;
		};
		C62C3F9B1C567772005E85BA /* Build configuration list for PBXNativeTarget "kintaiTests" */ = {
			isa = XCConfigurationList;
			buildConfigurations = (
				C62C3F9C1C567772005E85BA /* Debug */,
				C62C3F9D1C567772005E85BA /* Release */,
			);
			defaultConfigurationIsVisible = 0;
			defaultConfigurationName = Release;
		};
		C62C3F9E1C567772005E85BA /* Build configuration list for PBXNativeTarget "kintaiUITests" */ = {
			isa = XCConfigurationList;
			buildConfigurations = (
				C62C3F9F1C567772005E85BA /* Debug */,
				C62C3FA01C567772005E85BA /* Release */,
			);
			defaultConfigurationIsVisible = 0;
			defaultConfigurationName = Release;
		};
/* End XCConfigurationList section */
	};
	rootObject = C62C3F681C567771005E85BA /* Project object */;
}
