PODS:
  - Charts (3.1.1):
    - Charts/Core (= 3.1.1)
  - Charts/Core (3.1.1)
  - Realm (3.6.0):
    - Realm/Headers (= 3.6.0)
  - Realm/Headers (3.6.0)
  - RealmSwift (3.6.0):
    - Realm (= 3.6.0)

DEPENDENCIES:
  - Charts
  - RealmSwift

SPEC REPOS:
  https://github.com/CocoaPods/Specs.git:
    - Charts
    - Realm
    - RealmSwift

SPEC CHECKSUMS:
  Charts: 90a4d61da0f6e06684c591e3bcab11940fe61736
  Realm: 08b464b462d4f31bbd4ba5f5a1c8722ef0a700b7
  RealmSwift: 973e1499c44ab571f894c2c908e2db450be280c3

PODFILE CHECKSUM: 131f4e941b6770f6a6d16574829f98d9c1adc615

COCOAPODS: 1.5.0
